
Microsoft Visual Studio Solution File, Format Version 12.00
# Visual Studio 15
VisualStudioVersion = 15.0.28307.539
MinimumVisualStudioVersion = 10.0.40219.1
Project("{FAE04EC0-301F-11D3-BF4B-00C04F79EFBC}") = "BTH_Database", "BTH_Database\BTH_Database.csproj", "{5D1D38D1-81F7-42C5-B765-997A38CCEE6D}"
EndProject
Project("{FAE04EC0-301F-11D3-BF4B-00C04F79EFBC}") = "QuanLyDoAn", "QuanLyDoAn\QuanLyDoAn.csproj", "{0E15BC55-5E1D-404C-A5E2-37A1DD5FEB56}"
EndProject
Global
	GlobalSection(SolutionConfigurationPlatforms) = preSolution
		Debug|Any CPU = Debug|Any CPU
		Release|Any CPU = Release|Any CPU
	EndGlobalSection
	GlobalSection(ProjectConfigurationPlatforms) = postSolution
		{5D1D38D1-81F7-42C5-B765-997A38CCEE6D}.Debug|Any CPU.ActiveCfg = Debug|Any CPU
		{5D1D38D1-81F7-42C5-B765-997A38CCEE6D}.Debug|Any CPU.Build.0 = Debug|Any CPU
		{5D1D38D1-81F7-42C5-B765-997A38CCEE6D}.Release|Any CPU.ActiveCfg = Release|Any CPU
		{5D1D38D1-81F7-42C5-B765-997A38CCEE6D}.Release|Any CPU.Build.0 = Release|Any CPU
		{0E15BC55-5E1D-404C-A5E2-37A1DD5FEB56}.Debug|Any CPU.ActiveCfg = Debug|Any CPU
		{0E15BC55-5E1D-404C-A5E2-37A1DD5FEB56}.Debug|Any CPU.Build.0 = Debug|Any CPU
		{0E15BC55-5E1D-404C-A5E2-37A1DD5FEB56}.Release|Any CPU.ActiveCfg = Release|Any CPU
		{0E15BC55-5E1D-404C-A5E2-37A1DD5FEB56}.Release|Any CPU.Build.0 = Release|Any CPU
	EndGlobalSection
	GlobalSection(SolutionProperties) = preSolution
		HideSolutionNode = FALSE
	EndGlobalSection
	GlobalSection(ExtensibilityGlobals) = postSolution
		SolutionGuid = {B9EBF3C4-09C4-4CB5-8973-E8C4F3105771}
	EndGlobalSection
EndGlobal
